
Microsoft Visual Studio Solution File, Format Version 12.00
# Visual Studio Version 16
VisualStudioVersion = 16.0.28803.452
MinimumVisualStudioVersion = 10.0.40219.1
Project("{FAE04EC0-301F-11D3-BF4B-00C04F79EFBC}") = "SchoolAdministration", "SchoolAdministration.csproj", "{73B9445B-1D13-4B55-BB74-5232EFCE9796}"
EndProject
Project("{FAE04EC0-301F-11D3-BF4B-00C04F79EFBC}") = "SchoolAdministration.Data", "..\SchoolAdministration.Data\SchoolAdministration.Data.csproj", "{29F5D11E-F300-443D-AFE4-FE70DBE25005}"
EndProject
Project("{FAE04EC0-301F-11D3-BF4B-00C04F79EFBC}") = "SchoolAdministration.Model", "..\SchoolAdministration.Model\SchoolAdministration.Model.csproj", "{24822444-0DDF-4B3D-B17D-63FD507ACFE7}"
EndProject
Global
	GlobalSection(SolutionConfigurationPlatforms) = preSolution
		Debug|Any CPU = Debug|Any CPU
		Release|Any CPU = Release|Any CPU
	EndGlobalSection
	GlobalSection(ProjectConfigurationPlatforms) = postSolution
		{73B9445B-1D13-4B55-BB74-5232EFCE9796}.Debug|Any CPU.ActiveCfg = Debug|Any CPU
		{73B9445B-1D13-4B55-BB74-5232EFCE9796}.Debug|Any CPU.Build.0 = Debug|Any CPU
		{73B9445B-1D13-4B55-BB74-5232EFCE9796}.Release|Any CPU.ActiveCfg = Release|Any CPU
		{73B9445B-1D13-4B55-BB74-5232EFCE9796}.Release|Any CPU.Build.0 = Release|Any CPU
		{29F5D11E-F300-443D-AFE4-FE70DBE25005}.Debug|Any CPU.ActiveCfg = Debug|Any CPU
		{29F5D11E-F300-443D-AFE4-FE70DBE25005}.Debug|Any CPU.Build.0 = Debug|Any CPU
		{29F5D11E-F300-443D-AFE4-FE70DBE25005}.Release|Any CPU.ActiveCfg = Release|Any CPU
		{29F5D11E-F300-443D-AFE4-FE70DBE25005}.Release|Any CPU.Build.0 = Release|Any CPU
		{24822444-0DDF-4B3D-B17D-63FD507ACFE7}.Debug|Any CPU.ActiveCfg = Debug|Any CPU
		{24822444-0DDF-4B3D-B17D-63FD507ACFE7}.Debug|Any CPU.Build.0 = Debug|Any CPU
		{24822444-0DDF-4B3D-B17D-63FD507ACFE7}.Release|Any CPU.ActiveCfg = Release|Any CPU
		{24822444-0DDF-4B3D-B17D-63FD507ACFE7}.Release|Any CPU.Build.0 = Release|Any CPU
	EndGlobalSection
	GlobalSection(SolutionProperties) = preSolution
		HideSolutionNode = FALSE
	EndGlobalSection
	GlobalSection(ExtensibilityGlobals) = postSolution
		SolutionGuid = {CDE68203-B4CB-4AD9-AC5A-6023BACDCD1D}
	EndGlobalSection
EndGlobal
